
Microsoft Visual Studio Solution File, Format Version 12.00
# Visual Studio Version 16
VisualStudioVersion = 16.0.31410.357
MinimumVisualStudioVersion = 10.0.40219.1
Project("{FAE04EC0-301F-11D3-BF4B-00C04F79EFBC}") = "InvoiceBill", "InvoiceBill\InvoiceBill.csproj", "{BE8479D6-5288-416D-9093-DEB5B16494F7}"
EndProject
Global
	GlobalSection(SolutionConfigurationPlatforms) = preSolution
		Debug|Any CPU = Debug|Any CPU
		Release|Any CPU = Release|Any CPU
	EndGlobalSection
	GlobalSection(ProjectConfigurationPlatforms) = postSolution
		{BE8479D6-5288-416D-9093-DEB5B16494F7}.Debug|Any CPU.ActiveCfg = Debug|Any CPU
		{BE8479D6-5288-416D-9093-DEB5B16494F7}.Debug|Any CPU.Build.0 = Debug|Any CPU
		{BE8479D6-5288-416D-9093-DEB5B16494F7}.Release|Any CPU.ActiveCfg = Release|Any CPU
		{BE8479D6-5288-416D-9093-DEB5B16494F7}.Release|Any CPU.Build.0 = Release|Any CPU
	EndGlobalSection
	GlobalSection(SolutionProperties) = preSolution
		HideSolutionNode = FALSE
	EndGlobalSection
	GlobalSection(ExtensibilityGlobals) = postSolution
		SolutionGuid = {943ED663-2B68-4EBD-8A2D-936D00963B54}
	EndGlobalSection
EndGlobal
